// !$*UTF8*$!
{
	archiveVersion = 1;
	classes = {
	};
	objectVersion = 46;
	objects = {

/* Begin PBXBuildFile section */
		2240100B1C6C3DF70093631C /* AppDelegate.swift in Sources */ = {isa = PBXBuildFile; fileRef = 2240100A1C6C3DF70093631C /* AppDelegate.swift */; };
		2240100D1C6C3DF70093631C /* Document.swift in Sources */ = {isa = PBXBuildFile; fileRef = 2240100C1C6C3DF70093631C /* Document.swift */; };
		224010101C6C3DF70093631C /* Document.xib in Resources */ = {isa = PBXBuildFile; fileRef = 2240100E1C6C3DF70093631C /* Document.xib */; };
		224010121C6C3DF70093631C /* Assets.xcassets in Resources */ = {isa = PBXBuildFile; fileRef = 224010111C6C3DF70093631C /* Assets.xcassets */; };
		224010151C6C3DF70093631C /* MainMenu.xib in Resources */ = {isa = PBXBuildFile; fileRef = 224010131C6C3DF70093631C /* MainMenu.xib */; };
		2240101D1C6C3EB00093631C /* DrawView.swift in Sources */ = {isa = PBXBuildFile; fileRef = 2240101C1C6C3EB00093631C /* DrawView.swift */; };
/* End PBXBuildFile section */

/* Begin PBXFileReference section */
		224010071C6C3DF70093631C /* DrawOvals.app */ = {isa = PBXFileReference; explicitFileType = wrapper.application; includeInIndex = 0; path = DrawOvals.app; sourceTree = BUILT_PRODUCTS_DIR; };
		2240100A1C6C3DF70093631C /* AppDelegate.swift */ = {isa = PBXFileReference; lastKnownFileType = sourcecode.swift; path = AppDelegate.swift; sourceTree = "<group>"; };
		2240100C1C6C3DF70093631C /* Document.swift */ = {isa = PBXFileReference; lastKnownFileType = sourcecode.swift; path = Document.swift; sourceTree = "<group>"; };
		2240100F1C6C3DF70093631C /* Base */ = {isa = PBXFileReference; lastKnownFileType = file.xib; name = Base; path = Base.lproj/Document.xib; sourceTree = "<group>"; };
		224010111C6C3DF70093631C /* Assets.xcassets */ = {isa = PBXFileReference; lastKnownFileType = folder.assetcatalog; path = Assets.xcassets; sourceTree = "<group>"; };
		224010141C6C3DF70093631C /* Base */ = {isa = PBXFileReference; lastKnownFileType = file.xib; name = Base; path = Base.lproj/MainMenu.xib; sourceTree = "<group>"; };
		224010161C6C3DF70093631C /* Info.plist */ = {isa = PBXFileReference; lastKnownFileType = text.plist.xml; path = Info.plist; sourceTree = "<group>"; };
		2240101C1C6C3EB00093631C /* DrawView.swift */ = {isa = PBXFileReference; fileEncoding = 4; lastKnownFileType = sourcecode.swift; path = DrawView.swift; sourceTree = "<group>"; };
/* End PBXFileReference section */

/* Begin PBXFrameworksBuildPhase section */
		224010041C6C3DF70093631C /* Frameworks */ = {
			isa = PBXFrameworksBuildPhase;
			buildActionMask = 2147483647;
			files = (
			);
			runOnlyForDeploymentPostprocessing = 0;
		};
/* End PBXFrameworksBuildPhase section */

/* Begin PBXGroup section */
		22400FFE1C6C3DF70093631C = {
			isa = PBXGroup;
			children = (
				224010091C6C3DF70093631C /* DrawOvals */,
				224010081C6C3DF70093631C /* Products */,
			);
			sourceTree = "<group>";
		};
		224010081C6C3DF70093631C /* Products */ = {
			isa = PBXGroup;
			children = (
				224010071C6C3DF70093631C /* DrawOvals.app */,
			);
			name = Products;
			sourceTree = "<group>";
		};
		224010091C6C3DF70093631C /* DrawOvals */ = {
			isa = PBXGroup;
			children = (
				2240100A1C6C3DF70093631C /* AppDelegate.swift */,
				2240100C1C6C3DF70093631C /* Document.swift */,
				2240100E1C6C3DF70093631C /* Document.xib */,
				2240101C1C6C3EB00093631C /* DrawView.swift */,
				224010111C6C3DF70093631C /* Assets.xcassets */,
				224010131C6C3DF70093631C /* MainMenu.xib */,
				224010161C6C3DF70093631C /* Info.plist */,
			);
			path = DrawOvals;
			sourceTree = "<group>";
		};
/* End PBXGroup section */

/* Begin PBXNativeTarget section */
		224010061C6C3DF70093631C /* DrawOvals */ = {
			isa = PBXNativeTarget;
			buildConfigurationList = 224010191C6C3DF70093631C /* Build configuration list for PBXNativeTarget "DrawOvals" */;
			buildPhases = (
				224010031C6C3DF70093631C /* Sources */,
				224010041C6C3DF70093631C /* Frameworks */,
				224010051C6C3DF70093631C /* Resources */,
			);
			buildRules = (
			);
			dependencies = (
			);
			name = DrawOvals;
			productName = DrawOvals;
			productReference = 224010071C6C3DF70093631C /* DrawOvals.app */;
			productType = "com.apple.product-type.application";
		};
/* End PBXNativeTarget section */

/* Begin PBXProject section */
		22400FFF1C6C3DF70093631C /* Project object */ = {
			isa = PBXProject;
			attributes = {
				LastSwiftUpdateCheck = 0720;
				LastUpgradeCheck = 0720;
				ORGANIZATIONNAME = anesin;
				TargetAttributes = {
					224010061C6C3DF70093631C = {
						CreatedOnToolsVersion = 7.2.1;
					};
				};
			};
			buildConfigurationList = 224010021C6C3DF70093631C /* Build configuration list for PBXProject "DrawOvals" */;
			compatibilityVersion = "Xcode 3.2";
			developmentRegion = English;
			hasScannedForEncodings = 0;
			knownRegions = (
				en,
				Base,
			);
			mainGroup = 22400FFE1C6C3DF70093631C;
			productRefGroup = 224010081C6C3DF70093631C /* Products */;
			projectDirPath = "";
			projectRoot = "";
			targets = (
				224010061C6C3DF70093631C /* DrawOvals */,
			);
		};
/* End PBXProject section */

/* Begin PBXResourcesBuildPhase section */
		224010051C6C3DF70093631C /* Resources */ = {
			isa = PBXResourcesBuildPhase;
			buildActionMask = 2147483647;
			files = (
				224010121C6C3DF70093631C /* Assets.xcassets in Resources */,
				224010101C6C3DF70093631C /* Document.xib in Resources */,
				224010151C6C3DF70093631C /* MainMenu.xib in Resources */,
			);
			runOnlyForDeploymentPostprocessing = 0;
		};
/* End PBXResourcesBuildPhase section */

/* Begin PBXSourcesBuildPhase section */
		224010031C6C3DF70093631C /* Sources */ = {
			isa = PBXSourcesBuildPhase;
			buildActionMask = 2147483647;
			files = (
				2240100D1C6C3DF70093631C /* Document.swift in Sources */,
				2240100B1C6C3DF70093631C /* AppDelegate.swift in Sources */,
				2240101D1C6C3EB00093631C /* DrawView.swift in Sources */,
			);
			runOnlyForDeploymentPostprocessing = 0;
		};
/* End PBXSourcesBuildPhase section */

/* Begin PBXVariantGroup section */
		2240100E1C6C3DF70093631C /* Document.xib */ = {
			isa = PBXVariantGroup;
			children = (
				2240100F1C6C3DF70093631C /* Base */,
			);
			name = Document.xib;
			sourceTree = "<group>";
		};
		224010131C6C3DF70093631C /* MainMenu.xib */ = {
			isa = PBXVariantGroup;
			children = (
				224010141C6C3DF70093631C /* Base */,
			);
			name = MainMenu.xib;
			sourceTree = "<group>";
		};
/* End PBXVariantGroup section */

/* Begin XCBuildConfiguration section */
		224010171C6C3DF70093631C /* Debug */ = {
			isa = XCBuildConfiguration;
			buildSettings = {
				ALWAYS_SEARCH_USER_PATHS = NO;
				CLANG_CXX_LANGUAGE_STANDARD = "gnu++0x";
				CLANG_CXX_LIBRARY = "libc++";
				CLANG_ENABLE_MODULES = YES;
				CLANG_ENABLE_OBJC_ARC = YES;
				CLANG_WARN_BOOL_CONVERSION = YES;
				CLANG_WARN_CONSTANT_CONVERSION = YES;
				CLANG_WARN_DIRECT_OBJC_ISA_USAGE = YES_ERROR;
				CLANG_WARN_EMPTY_BODY = YES;
				CLANG_WARN_ENUM_CONVERSION = YES;
				CLANG_WARN_INT_CONVERSION = YES;
				CLANG_WARN_OBJC_ROOT_CLASS = YES_ERROR;
				CLANG_WARN_UNREACHABLE_CODE = YES;
				CLANG_WARN__DUPLICATE_METHOD_MATCH = YES;
				CODE_SIGN_IDENTITY = "-";
				COPY_PHASE_STRIP = NO;
				DEBUG_INFORMATION_FORMAT = dwarf;
				ENABLE_STRICT_OBJC_MSGSEND = YES;
				ENABLE_TESTABILITY = YES;
				GCC_C_LANGUAGE_STANDARD = gnu99;
				GCC_DYNAMIC_NO_PIC = NO;
				GCC_NO_COMMON_BLOCKS = YES;
				GCC_OPTIMIZATION_LEVEL = 0;
				GCC_PREPROCESSOR_DEFINITIONS = (
					"DEBUG=1",
					"$(inherited)",
				);
				GCC_WARN_64_TO_32_BIT_CONVERSION = YES;
				GCC_WARN_ABOUT_RETURN_TYPE = YES_ERROR;
				GCC_WARN_UNDECLARED_SELECTOR = YES;
				GCC_WARN_UNINITIALIZED_AUTOS = YES_AGGRESSIVE;
				GCC_WARN_UNUSED_FUNCTION = YES;
				GCC_WARN_UNUSED_VARIABLE = YES;
				MACOSX_DEPLOYMENT_TARGET = 10.11;
				MTL_ENABLE_DEBUG_INFO = YES;
				ONLY_ACTIVE_ARCH = YES;
				SDKROOT = macosx;
				SWIFT_OPTIMIZATION_LEVEL = "-Onone";
			};
			name = Debug;
		};
		224010181C6C3DF70093631C /* Release */ = {
			isa = XCBuildConfiguration;
			buildSettings = {
				ALWAYS_SEARCH_USER_PATHS = NO;
				CLANG_CXX_LANGUAGE_STANDARD = "gnu++0x";
				CLANG_CXX_LIBRARY = "libc++";
				CLANG_ENABLE_MODULES = YES;
				CLANG_ENABLE_OBJC_ARC = YES;
				CLANG_WARN_BOOL_CONVERSION = YES;
				CLANG_WARN_CONSTANT_CONVERSION = YES;
				CLANG_WARN_DIRECT_OBJC_ISA_USAGE = YES_ERROR;
				CLANG_WARN_EMPTY_BODY = YES;
				CLANG_WARN_ENUM_CONVERSION = YES;
				CLANG_WARN_INT_CONVERSION = YES;
				CLANG_WARN_OBJC_ROOT_CLASS = YES_ERROR;
				CLANG_WARN_UNREACHABLE_CODE = YES;
				CLANG_WARN__DUPLICATE_METHOD_MATCH = YES;
				CODE_SIGN_IDENTITY = "-";
				COPY_PHASE_STRIP = NO;
				DEBUG_INFORMATION_FORMAT = "dwarf-with-dsym";
				ENABLE_NS_ASSERTIONS = NO;
				ENABLE_STRICT_OBJC_MSGSEND = YES;
				GCC_C_LANGUAGE_STANDARD = gnu99;
				GCC_NO_COMMON_BLOCKS = YES;
				GCC_WARN_64_TO_32_BIT_CONVERSION = YES;
				GCC_WARN_ABOUT_RETURN_TYPE = YES_ERROR;
				GCC_WARN_UNDECLARED_SELECTOR = YES;
				GCC_WARN_UNINITIALIZED_AUTOS = YES_AGGRESSIVE;
				GCC_WARN_UNUSED_FUNCTION = YES;
				GCC_WARN_UNUSED_VARIABLE = YES;
				MACOSX_DEPLOYMENT_TARGET = 10.11;
				MTL_ENABLE_DEBUG_INFO = NO;
				SDKROOT = macosx;
			};
			name = Release;
		};
		2240101A1C6C3DF70093631C /* Debug */ = {
			isa = XCBuildConfiguration;
			buildSettings = {
				ASSETCATALOG_COMPILER_APPICON_NAME = AppIcon;
				COMBINE_HIDPI_IMAGES = YES;
				INFOPLIST_FILE = DrawOvals/Info.plist;
				LD_RUNPATH_SEARCH_PATHS = "$(inherited) @executable_path/../Frameworks";
				PRODUCT_BUNDLE_IDENTIFIER = anesiner.wordpress.com.DrawOvals;
				PRODUCT_NAME = "$(TARGET_NAME)";
			};
			name = Debug;
		};
		2240101B1C6C3DF70093631C /* Release */ = {
			isa = XCBuildConfiguration;
			buildSettings = {
				ASSETCATALOG_COMPILER_APPICON_NAME = AppIcon;
				COMBINE_HIDPI_IMAGES = YES;
				INFOPLIST_FILE = DrawOvals/Info.plist;
				LD_RUNPATH_SEARCH_PATHS = "$(inherited) @executable_path/../Frameworks";
				PRODUCT_BUNDLE_IDENTIFIER = anesiner.wordpress.com.DrawOvals;
				PRODUCT_NAME = "$(TARGET_NAME)";
			};
			name = Release;
		};
/* End XCBuildConfiguration section */

/* Begin XCConfigurationList section */
		224010021C6C3DF70093631C /* Build configuration list for PBXProject "DrawOvals" */ = {
			isa = XCConfigurationList;
			buildConfigurations = (
				224010171C6C3DF70093631C /* Debug */,
				224010181C6C3DF70093631C /* Release */,
			);
			defaultConfigurationIsVisible = 0;
			defaultConfigurationName = Release;
		};
		224010191C6C3DF70093631C /* Build configuration list for PBXNativeTarget "DrawOvals" */ = {
			isa = XCConfigurationList;
			buildConfigurations = (
				2240101A1C6C3DF70093631C /* Debug */,
				2240101B1C6C3DF70093631C /* Release */,
			);
			defaultConfigurationIsVisible = 0;
		};
/* End XCConfigurationList section */
	};
	rootObject = 22400FFF1C6C3DF70093631C /* Project object */;
}
