// !$*UTF8*$!
{
	archiveVersion = 1;
	classes = {
	};
	objectVersion = 46;
	objects = {

/* Begin PBXBuildFile section */
		227EB9B11C8853A1008511DA /* AppDelegate.swift in Sources */ = {isa = PBXBuildFile; fileRef = 227EB9B01C8853A1008511DA /* AppDelegate.swift */; };
		227EB9B31C8853A1008511DA /* Assets.xcassets in Resources */ = {isa = PBXBuildFile; fileRef = 227EB9B21C8853A1008511DA /* Assets.xcassets */; };
		227EB9B61C8853A1008511DA /* MainMenu.xib in Resources */ = {isa = PBXBuildFile; fileRef = 227EB9B41C8853A1008511DA /* MainMenu.xib */; };
/* End PBXBuildFile section */

/* Begin PBXFileReference section */
		227EB9AD1C8853A1008511DA /* AutoLabelOut.app */ = {isa = PBXFileReference; explicitFileType = wrapper.application; includeInIndex = 0; path = AutoLabelOut.app; sourceTree = BUILT_PRODUCTS_DIR; };
		227EB9B01C8853A1008511DA /* AppDelegate.swift */ = {isa = PBXFileReference; lastKnownFileType = sourcecode.swift; path = AppDelegate.swift; sourceTree = "<group>"; };
		227EB9B21C8853A1008511DA /* Assets.xcassets */ = {isa = PBXFileReference; lastKnownFileType = folder.assetcatalog; path = Assets.xcassets; sourceTree = "<group>"; };
		227EB9B51C8853A1008511DA /* Base */ = {isa = PBXFileReference; lastKnownFileType = file.xib; name = Base; path = Base.lproj/MainMenu.xib; sourceTree = "<group>"; };
		227EB9B71C8853A1008511DA /* Info.plist */ = {isa = PBXFileReference; lastKnownFileType = text.plist.xml; path = Info.plist; sourceTree = "<group>"; };
/* End PBXFileReference section */

/* Begin PBXFrameworksBuildPhase section */
		227EB9AA1C8853A1008511DA /* Frameworks */ = {
			isa = PBXFrameworksBuildPhase;
			buildActionMask = 2147483647;
			files = (
			);
			runOnlyForDeploymentPostprocessing = 0;
		};
/* End PBXFrameworksBuildPhase section */

/* Begin PBXGroup section */
		227EB9A41C8853A1008511DA = {
			isa = PBXGroup;
			children = (
				227EB9AF1C8853A1008511DA /* AutoLabelOut */,
				227EB9AE1C8853A1008511DA /* Products */,
			);
			sourceTree = "<group>";
		};
		227EB9AE1C8853A1008511DA /* Products */ = {
			isa = PBXGroup;
			children = (
				227EB9AD1C8853A1008511DA /* AutoLabelOut.app */,
			);
			name = Products;
			sourceTree = "<group>";
		};
		227EB9AF1C8853A1008511DA /* AutoLabelOut */ = {
			isa = PBXGroup;
			children = (
				227EB9B01C8853A1008511DA /* AppDelegate.swift */,
				227EB9B21C8853A1008511DA /* Assets.xcassets */,
				227EB9B41C8853A1008511DA /* MainMenu.xib */,
				227EB9B71C8853A1008511DA /* Info.plist */,
			);
			path = AutoLabelOut;
			sourceTree = "<group>";
		};
/* End PBXGroup section */

/* Begin PBXNativeTarget section */
		227EB9AC1C8853A1008511DA /* AutoLabelOut */ = {
			isa = PBXNativeTarget;
			buildConfigurationList = 227EB9BA1C8853A1008511DA /* Build configuration list for PBXNativeTarget "AutoLabelOut" */;
			buildPhases = (
				227EB9A91C8853A1008511DA /* Sources */,
				227EB9AA1C8853A1008511DA /* Frameworks */,
				227EB9AB1C8853A1008511DA /* Resources */,
			);
			buildRules = (
			);
			dependencies = (
			);
			name = AutoLabelOut;
			productName = AutoLabelOut;
			productReference = 227EB9AD1C8853A1008511DA /* AutoLabelOut.app */;
			productType = "com.apple.product-type.application";
		};
/* End PBXNativeTarget section */

/* Begin PBXProject section */
		227EB9A51C8853A1008511DA /* Project object */ = {
			isa = PBXProject;
			attributes = {
				LastSwiftUpdateCheck = 0720;
				LastUpgradeCheck = 0720;
				ORGANIZATIONNAME = anesin;
				TargetAttributes = {
					227EB9AC1C8853A1008511DA = {
						CreatedOnToolsVersion = 7.2.1;
					};
				};
			};
			buildConfigurationList = 227EB9A81C8853A1008511DA /* Build configuration list for PBXProject "AutoLabelOut" */;
			compatibilityVersion = "Xcode 3.2";
			developmentRegion = English;
			hasScannedForEncodings = 0;
			knownRegions = (
				en,
				Base,
			);
			mainGroup = 227EB9A41C8853A1008511DA;
			productRefGroup = 227EB9AE1C8853A1008511DA /* Products */;
			projectDirPath = "";
			projectRoot = "";
			targets = (
				227EB9AC1C8853A1008511DA /* AutoLabelOut */,
			);
		};
/* End PBXProject section */

/* Begin PBXResourcesBuildPhase section */
		227EB9AB1C8853A1008511DA /* Resources */ = {
			isa = PBXResourcesBuildPhase;
			buildActionMask = 2147483647;
			files = (
				227EB9B31C8853A1008511DA /* Assets.xcassets in Resources */,
				227EB9B61C8853A1008511DA /* MainMenu.xib in Resources */,
			);
			runOnlyForDeploymentPostprocessing = 0;
		};
/* End PBXResourcesBuildPhase section */

/* Begin PBXSourcesBuildPhase section */
		227EB9A91C8853A1008511DA /* Sources */ = {
			isa = PBXSourcesBuildPhase;
			buildActionMask = 2147483647;
			files = (
				227EB9B11C8853A1008511DA /* AppDelegate.swift in Sources */,
			);
			runOnlyForDeploymentPostprocessing = 0;
		};
/* End PBXSourcesBuildPhase section */

/* Begin PBXVariantGroup section */
		227EB9B41C8853A1008511DA /* MainMenu.xib */ = {
			isa = PBXVariantGroup;
			children = (
				227EB9B51C8853A1008511DA /* Base */,
			);
			name = MainMenu.xib;
			sourceTree = "<group>";
		};
/* End PBXVariantGroup section */

/* Begin XCBuildConfiguration section */
		227EB9B81C8853A1008511DA /* Debug */ = {
			isa = XCBuildConfiguration;
			buildSettings = {
				ALWAYS_SEARCH_USER_PATHS = NO;
				CLANG_CXX_LANGUAGE_STANDARD = "gnu++0x";
				CLANG_CXX_LIBRARY = "libc++";
				CLANG_ENABLE_MODULES = YES;
				CLANG_ENABLE_OBJC_ARC = YES;
				CLANG_WARN_BOOL_CONVERSION = YES;
				CLANG_WARN_CONSTANT_CONVERSION = YES;
				CLANG_WARN_DIRECT_OBJC_ISA_USAGE = YES_ERROR;
				CLANG_WARN_EMPTY_BODY = YES;
				CLANG_WARN_ENUM_CONVERSION = YES;
				CLANG_WARN_INT_CONVERSION = YES;
				CLANG_WARN_OBJC_ROOT_CLASS = YES_ERROR;
				CLANG_WARN_UNREACHABLE_CODE = YES;
				CLANG_WARN__DUPLICATE_METHOD_MATCH = YES;
				CODE_SIGN_IDENTITY = "-";
				COPY_PHASE_STRIP = NO;
				DEBUG_INFORMATION_FORMAT = dwarf;
				ENABLE_STRICT_OBJC_MSGSEND = YES;
				ENABLE_TESTABILITY = YES;
				GCC_C_LANGUAGE_STANDARD = gnu99;
				GCC_DYNAMIC_NO_PIC = NO;
				GCC_NO_COMMON_BLOCKS = YES;
				GCC_OPTIMIZATION_LEVEL = 0;
				GCC_PREPROCESSOR_DEFINITIONS = (
					"DEBUG=1",
					"$(inherited)",
				);
				GCC_WARN_64_TO_32_BIT_CONVERSION = YES;
				GCC_WARN_ABOUT_RETURN_TYPE = YES_ERROR;
				GCC_WARN_UNDECLARED_SELECTOR = YES;
				GCC_WARN_UNINITIALIZED_AUTOS = YES_AGGRESSIVE;
				GCC_WARN_UNUSED_FUNCTION = YES;
				GCC_WARN_UNUSED_VARIABLE = YES;
				MACOSX_DEPLOYMENT_TARGET = 10.11;
				MTL_ENABLE_DEBUG_INFO = YES;
				ONLY_ACTIVE_ARCH = YES;
				SDKROOT = macosx;
				SWIFT_OPTIMIZATION_LEVEL = "-Onone";
			};
			name = Debug;
		};
		227EB9B91C8853A1008511DA /* Release */ = {
			isa = XCBuildConfiguration;
			buildSettings = {
				ALWAYS_SEARCH_USER_PATHS = NO;
				CLANG_CXX_LANGUAGE_STANDARD = "gnu++0x";
				CLANG_CXX_LIBRARY = "libc++";
				CLANG_ENABLE_MODULES = YES;
				CLANG_ENABLE_OBJC_ARC = YES;
				CLANG_WARN_BOOL_CONVERSION = YES;
				CLANG_WARN_CONSTANT_CONVERSION = YES;
				CLANG_WARN_DIRECT_OBJC_ISA_USAGE = YES_ERROR;
				CLANG_WARN_EMPTY_BODY = YES;
				CLANG_WARN_ENUM_CONVERSION = YES;
				CLANG_WARN_INT_CONVERSION = YES;
				CLANG_WARN_OBJC_ROOT_CLASS = YES_ERROR;
				CLANG_WARN_UNREACHABLE_CODE = YES;
				CLANG_WARN__DUPLICATE_METHOD_MATCH = YES;
				CODE_SIGN_IDENTITY = "-";
				COPY_PHASE_STRIP = NO;
				DEBUG_INFORMATION_FORMAT = "dwarf-with-dsym";
				ENABLE_NS_ASSERTIONS = NO;
				ENABLE_STRICT_OBJC_MSGSEND = YES;
				GCC_C_LANGUAGE_STANDARD = gnu99;
				GCC_NO_COMMON_BLOCKS = YES;
				GCC_WARN_64_TO_32_BIT_CONVERSION = YES;
				GCC_WARN_ABOUT_RETURN_TYPE = YES_ERROR;
				GCC_WARN_UNDECLARED_SELECTOR = YES;
				GCC_WARN_UNINITIALIZED_AUTOS = YES_AGGRESSIVE;
				GCC_WARN_UNUSED_FUNCTION = YES;
				GCC_WARN_UNUSED_VARIABLE = YES;
				MACOSX_DEPLOYMENT_TARGET = 10.11;
				MTL_ENABLE_DEBUG_INFO = NO;
				SDKROOT = macosx;
			};
			name = Release;
		};
		227EB9BB1C8853A1008511DA /* Debug */ = {
			isa = XCBuildConfiguration;
			buildSettings = {
				ASSETCATALOG_COMPILER_APPICON_NAME = AppIcon;
				COMBINE_HIDPI_IMAGES = YES;
				INFOPLIST_FILE = AutoLabelOut/Info.plist;
				LD_RUNPATH_SEARCH_PATHS = "$(inherited) @executable_path/../Frameworks";
				PRODUCT_BUNDLE_IDENTIFIER = anesiner.wordpress.com.AutoLabelOut;
				PRODUCT_NAME = "$(TARGET_NAME)";
			};
			name = Debug;
		};
		227EB9BC1C8853A1008511DA /* Release */ = {
			isa = XCBuildConfiguration;
			buildSettings = {
				ASSETCATALOG_COMPILER_APPICON_NAME = AppIcon;
				COMBINE_HIDPI_IMAGES = YES;
				INFOPLIST_FILE = AutoLabelOut/Info.plist;
				LD_RUNPATH_SEARCH_PATHS = "$(inherited) @executable_path/../Frameworks";
				PRODUCT_BUNDLE_IDENTIFIER = anesiner.wordpress.com.AutoLabelOut;
				PRODUCT_NAME = "$(TARGET_NAME)";
			};
			name = Release;
		};
/* End XCBuildConfiguration section */

/* Begin XCConfigurationList section */
		227EB9A81C8853A1008511DA /* Build configuration list for PBXProject "AutoLabelOut" */ = {
			isa = XCConfigurationList;
			buildConfigurations = (
				227EB9B81C8853A1008511DA /* Debug */,
				227EB9B91C8853A1008511DA /* Release */,
			);
			defaultConfigurationIsVisible = 0;
			defaultConfigurationName = Release;
		};
		227EB9BA1C8853A1008511DA /* Build configuration list for PBXNativeTarget "AutoLabelOut" */ = {
			isa = XCConfigurationList;
			buildConfigurations = (
				227EB9BB1C8853A1008511DA /* Debug */,
				227EB9BC1C8853A1008511DA /* Release */,
			);
			defaultConfigurationIsVisible = 0;
		};
/* End XCConfigurationList section */
	};
	rootObject = 227EB9A51C8853A1008511DA /* Project object */;
}
